
Microsoft Visual Studio Solution File, Format Version 12.00
# Visual Studio Version 16
VisualStudioVersion = 16.0.31321.278
MinimumVisualStudioVersion = 10.0.40219.1
Project("{FAE04EC0-301F-11D3-BF4B-00C04F79EFBC}") = "Avanade.SubTCSE.Projeto.Api", "Avanade.SubTCSE.Projeto.Api\Avanade.SubTCSE.Projeto.Api.csproj", "{18519A53-6979-4138-8AB6-81EA7BC6B8CD}"
EndProject
Global
	GlobalSection(SolutionConfigurationPlatforms) = preSolution
		Debug|Any CPU = Debug|Any CPU
		Release|Any CPU = Release|Any CPU
	EndGlobalSection
	GlobalSection(ProjectConfigurationPlatforms) = postSolution
		{18519A53-6979-4138-8AB6-81EA7BC6B8CD}.Debug|Any CPU.ActiveCfg = Debug|Any CPU
		{18519A53-6979-4138-8AB6-81EA7BC6B8CD}.Debug|Any CPU.Build.0 = Debug|Any CPU
		{18519A53-6979-4138-8AB6-81EA7BC6B8CD}.Release|Any CPU.ActiveCfg = Release|Any CPU
		{18519A53-6979-4138-8AB6-81EA7BC6B8CD}.Release|Any CPU.Build.0 = Release|Any CPU
	EndGlobalSection
	GlobalSection(SolutionProperties) = preSolution
		HideSolutionNode = FALSE
	EndGlobalSection
	GlobalSection(ExtensibilityGlobals) = postSolution
		SolutionGuid = {604F21A2-6886-4DAB-8C39-2B0790294CAF}
	EndGlobalSection
EndGlobal
